
Microsoft Visual Studio Solution File, Format Version 12.00
# Visual Studio Version 17
VisualStudioVersion = 17.9.34728.123
MinimumVisualStudioVersion = 10.0.40219.1
Project("{FAE04EC0-301F-11D3-BF4B-00C04F79EFBC}") = "Cropper", "Cropper.csproj", "{3C5D24A8-755F-43BC-9B4C-70EF23109F4F}"
EndProject
Global
	GlobalSection(SolutionConfigurationPlatforms) = preSolution
		Debug|Any CPU = Debug|Any CPU
		Release|Any CPU = Release|Any CPU
	EndGlobalSection
	GlobalSection(ProjectConfigurationPlatforms) = postSolution
		{3C5D24A8-755F-43BC-9B4C-70EF23109F4F}.Debug|Any CPU.ActiveCfg = Debug|Any CPU
		{3C5D24A8-755F-43BC-9B4C-70EF23109F4F}.Debug|Any CPU.Build.0 = Debug|Any CPU
		{3C5D24A8-755F-43BC-9B4C-70EF23109F4F}.Release|Any CPU.ActiveCfg = Release|Any CPU
		{3C5D24A8-755F-43BC-9B4C-70EF23109F4F}.Release|Any CPU.Build.0 = Release|Any CPU
	EndGlobalSection
	GlobalSection(SolutionProperties) = preSolution
		HideSolutionNode = FALSE
	EndGlobalSection
	GlobalSection(ExtensibilityGlobals) = postSolution
		SolutionGuid = {B62D2383-9951-4A6B-9995-0C121F03F8C7}
	EndGlobalSection
EndGlobal
